lockfileVersion: 5.4

importers:

  .:
    specifiers:
      '@vitejs/plugin-vue': ^3.0.1
      typescript: ^4.7.4
      vite: ^3.0.2
      vite-plugin-dts: ^1.4.0
      vue: ^3.2.36
    devDependencies:
      '@vitejs/plugin-vue': 3.0.1_vite@3.0.2+vue@3.2.36
      typescript: 4.7.4
      vite: 3.0.2
      vite-plugin-dts: 1.4.0_vite@3.0.2
      vue: 3.2.36

  examples:
    specifiers:
      cats-ui: workspace:^1.0.0
    dependencies:
      cats-ui: link:../packages/components

  packages/components:
    specifiers:
      '@cats-ui/utils': workspace:^1.0.0
    dependencies:
      '@cats-ui/utils': link:../utils

packages:

  /@babel/parser/7.18.9:
    resolution: {integrity: sha512-9uJveS9eY9DJ0t64YbIBZICtJy8a5QrDEVdiLCG97fVLpDTpGX7t8mMSb6OWw6Lrnjqj4O8zwjELX3dhoMgiBg==}
    engines: {node: '>=6.0.0'}
    hasBin: true
    dev: true

  /@microsoft/api-extractor-model/7.22.0:
    resolution: {integrity: sha512-DrEP8PH1JyIZol8LIZ8KbJbTRSJlcxQPLMPdsYNDNs5Mh5yWSjR+DPNXOJjccnr0TRwq8N1e440Ko/NfiPhkmw==, tarball: http://npm.weimob.com:80/@microsoft%2fapi-extractor-model/-/api-extractor-model-7.22.0.tgz}
    dependencies:
      '@microsoft/tsdoc': 0.14.1
      '@microsoft/tsdoc-config': 0.16.1
      '@rushstack/node-core-library': 3.49.0
    dev: true

  /@microsoft/api-extractor/7.28.5:
    resolution: {integrity: sha512-l4w+AiOpTwTOMTyHRWSB2W2Lc7kZnTiC6xfIN4M4WHy+EPfwXuvxpsZ5lfz2AoftSCTkdcEi4fL0CuAup1IMyg==, tarball: http://npm.weimob.com:80/@microsoft%2fapi-extractor/-/api-extractor-7.28.5.tgz}
    hasBin: true
    dependencies:
      '@microsoft/api-extractor-model': 7.22.0
      '@microsoft/tsdoc': 0.14.1
      '@microsoft/tsdoc-config': 0.16.1
      '@rushstack/node-core-library': 3.49.0
      '@rushstack/rig-package': 0.3.13
      '@rushstack/ts-command-line': 4.12.1
      colors: 1.2.5
      lodash: 4.17.21
      resolve: 1.17.0
      semver: 7.3.7
      source-map: 0.6.1
      typescript: 4.6.4
    dev: true

  /@microsoft/tsdoc-config/0.16.1:
    resolution: {integrity: sha512-2RqkwiD4uN6MLnHFljqBlZIXlt/SaUT6cuogU1w2ARw4nKuuppSmR0+s+NC+7kXBQykd9zzu0P4HtBpZT5zBpQ==, tarball: http://npm.weimob.com:80/@microsoft%2ftsdoc-config/-/tsdoc-config-0.16.1.tgz}
    dependencies:
      '@microsoft/tsdoc': 0.14.1
      ajv: 6.12.6
      jju: 1.4.0
      resolve: 1.19.0
    dev: true

  /@microsoft/tsdoc/0.14.1:
    resolution: {integrity: sha512-6Wci+Tp3CgPt/B9B0a3J4s3yMgLNSku6w5TV6mN+61C71UqsRBv2FUibBf3tPGlNxebgPHMEUzKpb1ggE8KCKw==, tarball: http://npm.weimob.com:80/@microsoft%2ftsdoc/-/tsdoc-0.14.1.tgz}
    dev: true

  /@nodelib/fs.scandir/2.1.5:
    resolution: {integrity: sha1-dhnC6yGyVIP20WdUi0z9WnSIw9U=, tarball: http://npm.weimob.com:80/@nodelib%2ffs.scandir/-/fs.scandir-2.1.5.tgz}
    engines: {node: '>= 8'}
    dependencies:
      '@nodelib/fs.stat': 2.0.5
      run-parallel: 1.2.0
    dev: true

  /@nodelib/fs.stat/2.0.5:
    resolution: {integrity: sha1-W9Jir5Tp0lvR5xsF3u1Eh2oiLos=, tarball: http://npm.weimob.com:80/@nodelib%2ffs.stat/-/fs.stat-2.0.5.tgz}
    engines: {node: '>= 8'}
    dev: true

  /@nodelib/fs.walk/1.2.8:
    resolution: {integrity: sha1-6Vc36LtnRt3t9pxVaVNJTxlv5po=, tarball: http://npm.weimob.com:80/@nodelib%2ffs.walk/-/fs.walk-1.2.8.tgz}
    engines: {node: '>= 8'}
    dependencies:
      '@nodelib/fs.scandir': 2.1.5
      fastq: 1.13.0
    dev: true

  /@rushstack/node-core-library/3.49.0:
    resolution: {integrity: sha512-yBJRzGgUNFwulVrwwBARhbGaHsxVMjsZ9JwU1uSBbqPYCdac+t2HYdzi4f4q/Zpgb0eNbwYj2yxgHYpJORNEaw==, tarball: http://npm.weimob.com:80/@rushstack%2fnode-core-library/-/node-core-library-3.49.0.tgz}
    dependencies:
      '@types/node': 12.20.24
      colors: 1.2.5
      fs-extra: 7.0.1
      import-lazy: 4.0.0
      jju: 1.4.0
      resolve: 1.17.0
      semver: 7.3.7
      timsort: 0.3.0
      z-schema: 5.0.3
    dev: true

  /@rushstack/rig-package/0.3.13:
    resolution: {integrity: sha512-4/2+yyA/uDl7LQvtYtFs1AkhSWuaIGEKhP9/KK2nNARqOVc5eCXmu1vyOqr5mPvNq7sHoIR+sG84vFbaKYGaDA==, tarball: http://npm.weimob.com:80/@rushstack%2frig-package/-/rig-package-0.3.13.tgz}
    dependencies:
      resolve: 1.17.0
      strip-json-comments: 3.1.1
    dev: true

  /@rushstack/ts-command-line/4.12.1:
    resolution: {integrity: sha512-S1Nev6h/kNnamhHeGdp30WgxZTA+B76SJ/P721ctP7DrnC+rrjAc6h/R80I4V0cA2QuEEcMdVOQCtK2BTjsOiQ==, tarball: http://npm.weimob.com:80/@rushstack%2fts-command-line/-/ts-command-line-4.12.1.tgz}
    dependencies:
      '@types/argparse': 1.0.38
      argparse: 1.0.10
      colors: 1.2.5
      string-argv: 0.3.1
    dev: true

  /@ts-morph/common/0.13.0:
    resolution: {integrity: sha512-fEJ6j7Cu8yiWjA4UmybOBH9Efgb/64ZTWuvCF4KysGu4xz8ettfyaqFt8WZ1btCxXsGZJjZ2/3svOF6rL+UFdQ==, tarball: http://npm.weimob.com:80/@ts-morph%2fcommon/-/common-0.13.0.tgz}
    dependencies:
      fast-glob: 3.2.11
      minimatch: 5.1.0
      mkdirp: 1.0.4
      path-browserify: 1.0.1
    dev: true

  /@types/argparse/1.0.38:
    resolution: {integrity: sha1-qB/YYG1IH4c6OADG665PHXaKVqk=, tarball: http://npm.weimob.com:80/@types%2fargparse/-/argparse-1.0.38.tgz}
    dev: true

  /@types/node/12.20.24:
    resolution: {integrity: sha1-w3rGnLKUivtM75X0JPoAN5camlw=, tarball: http://npm.weimob.com:80/@types%2fnode/-/node-12.20.24.tgz}
    dev: true

  /@vitejs/plugin-vue/3.0.1_vite@3.0.2+vue@3.2.36:
    resolution: {integrity: sha512-Ll9JgxG7ONIz/XZv3dssfoMUDu9qAnlJ+km+pBA0teYSXzwPCIzS/e1bmwNYl5dcQGs677D21amgfYAnzMl17A==}
    engines: {node: ^14.18.0 || >=16.0.0}
    peerDependencies:
      vite: ^3.0.0
      vue: ^3.2.25
    dependencies:
      vite: 3.0.2
      vue: 3.2.36
    dev: true

  /@vue/compiler-core/3.2.36:
    resolution: {integrity: sha512-bbyZM5hvBicv0PW3KUfVi+x3ylHnfKG7DOn5wM+f2OztTzTjLEyBb/5yrarIYpmnGitVGbjZqDbODyW4iK8hqw==}
    dependencies:
      '@babel/parser': 7.18.9
      '@vue/shared': 3.2.36
      estree-walker: 2.0.2
      source-map: 0.6.1
    dev: true

  /@vue/compiler-dom/3.2.36:
    resolution: {integrity: sha512-tcOTAOiW4s24QLnq+ON6J+GRONXJ+A/mqKCORi0LSlIh8XQlNnlm24y8xIL8la+ZDgkdbjarQ9ZqYSvEja6gVA==}
    dependencies:
      '@vue/compiler-core': 3.2.36
      '@vue/shared': 3.2.36
    dev: true

  /@vue/compiler-sfc/3.2.36:
    resolution: {integrity: sha512-AvGb4bTj4W8uQ4BqaSxo7UwTEqX5utdRSMyHy58OragWlt8nEACQ9mIeQh3K4di4/SX+41+pJrLIY01lHAOFOA==}
    dependencies:
      '@babel/parser': 7.18.9
      '@vue/compiler-core': 3.2.36
      '@vue/compiler-dom': 3.2.36
      '@vue/compiler-ssr': 3.2.36
      '@vue/reactivity-transform': 3.2.36
      '@vue/shared': 3.2.36
      estree-walker: 2.0.2
      magic-string: 0.25.9
      postcss: 8.4.14
      source-map: 0.6.1
    dev: true

  /@vue/compiler-ssr/3.2.36:
    resolution: {integrity: sha512-+KugInUFRvOxEdLkZwE+W43BqHyhBh0jpYXhmqw1xGq2dmE6J9eZ8UUSOKNhdHtQ/iNLWWeK/wPZkVLUf3YGaw==}
    dependencies:
      '@vue/compiler-dom': 3.2.36
      '@vue/shared': 3.2.36
    dev: true

  /@vue/reactivity-transform/3.2.36:
    resolution: {integrity: sha512-Jk5o2BhpODC9XTA7o4EL8hSJ4JyrFWErLtClG3NH8wDS7ri9jBDWxI7/549T7JY9uilKsaNM+4pJASLj5dtRwA==}
    dependencies:
      '@babel/parser': 7.18.9
      '@vue/compiler-core': 3.2.36
      '@vue/shared': 3.2.36
      estree-walker: 2.0.2
      magic-string: 0.25.9
    dev: true

  /@vue/reactivity/3.2.36:
    resolution: {integrity: sha512-c2qvopo0crh9A4GXi2/2kfGYMxsJW4tVILrqRPydVGZHhq0fnzy6qmclWOhBFckEhmyxmpHpdJtIRYGeKcuhnA==}
    dependencies:
      '@vue/shared': 3.2.36
    dev: true

  /@vue/runtime-core/3.2.36:
    resolution: {integrity: sha512-PTWBD+Lub+1U3/KhbCExrfxyS14hstLX+cBboxVHaz+kXoiDLNDEYAovPtxeTutbqtClIXtft+wcGdC+FUQ9qQ==}
    dependencies:
      '@vue/reactivity': 3.2.36
      '@vue/shared': 3.2.36
    dev: true

  /@vue/runtime-dom/3.2.36:
    resolution: {integrity: sha512-gYPYblm7QXHVuBohqNRRT7Wez0f2Mx2D40rb4fleehrJU9CnkjG0phhcGEZFfGwCmHZRqBCRgbFWE98bPULqkg==}
    dependencies:
      '@vue/runtime-core': 3.2.36
      '@vue/shared': 3.2.36
      csstype: 2.6.20
    dev: true

  /@vue/server-renderer/3.2.36_vue@3.2.36:
    resolution: {integrity: sha512-uZE0+jfye6yYXWvAQYeHZv+f50sRryvy16uiqzk3jn8hEY8zTjI+rzlmZSGoE915k+W/Ol9XSw6vxOUD8dGkUg==}
    peerDependencies:
      vue: 3.2.36
    dependencies:
      '@vue/compiler-ssr': 3.2.36
      '@vue/shared': 3.2.36
      vue: 3.2.36
    dev: true

  /@vue/shared/3.2.36:
    resolution: {integrity: sha512-JtB41wXl7Au3+Nl3gD16Cfpj7k/6aCroZ6BbOiCMFCMvrOpkg/qQUXTso2XowaNqBbnkuGHurLAqkLBxNGc1hQ==}
    dev: true

  /ajv/6.12.6:
    resolution: {integrity: sha1-uvWmLoArB9l3A0WG+MO69a3ybfQ=, tarball: http://npm.weimob.com:80/ajv/-/ajv-6.12.6.tgz}
    dependencies:
      fast-deep-equal: 3.1.3
      fast-json-stable-stringify: 2.1.0
      json-schema-traverse: 0.4.1
      uri-js: 4.4.1
    dev: true

  /ansi-styles/4.3.0:
    resolution: {integrity: sha1-7dgDYornHATIWuegkG7a00tkiTc=, tarball: http://npm.weimob.com:80/ansi-styles/-/ansi-styles-4.3.0.tgz}
    engines: {node: '>=8'}
    dependencies:
      color-convert: 2.0.1
    dev: true

  /argparse/1.0.10:
    resolution: {integrity: sha1-vNZ5HqWuCXJeF+WtmIE0zUCz2RE=, tarball: http://npm.weimob.com:80/argparse/-/argparse-1.0.10.tgz}
    dependencies:
      sprintf-js: 1.0.3
    dev: true

  /balanced-match/1.0.2:
    resolution: {integrity: sha1-6D46fj8wCzTLnYf2FfoMvzV2kO4=, tarball: http://npm.weimob.com:80/balanced-match/-/balanced-match-1.0.2.tgz}
    dev: true

  /brace-expansion/2.0.1:
    resolution: {integrity: sha1-HtxFng8MVISG7Pn8mfIiE2S5oK4=, tarball: http://npm.weimob.com:80/brace-expansion/-/brace-expansion-2.0.1.tgz}
    dependencies:
      balanced-match: 1.0.2
    dev: true

  /braces/3.0.2:
    resolution: {integrity: sha1-NFThpGLujVmeI23zNs2epPiv4Qc=, tarball: http://npm.weimob.com:80/braces/-/braces-3.0.2.tgz}
    engines: {node: '>=8'}
    dependencies:
      fill-range: 7.0.1
    dev: true

  /chalk/4.1.2:
    resolution: {integrity: sha1-qsTit3NKdAhnrrFr8CqtVWoeegE=, tarball: http://npm.weimob.com:80/chalk/-/chalk-4.1.2.tgz}
    engines: {node: '>=10'}
    dependencies:
      ansi-styles: 4.3.0
      supports-color: 7.2.0
    dev: true

  /code-block-writer/11.0.2:
    resolution: {integrity: sha512-goP2FghRVwp940jOvhtUrRDiSVU0h4Ah2jPX1gu2ueGW8boQmdQV4NwiHoM5MQQbUWLQuZopougO8+Ajljgpnw==, tarball: http://npm.weimob.com:80/code-block-writer/-/code-block-writer-11.0.2.tgz}
    dev: true

  /color-convert/2.0.1:
    resolution: {integrity: sha1-ctOmjVmMm9s68q0ehPIdiWq9TeM=, tarball: http://npm.weimob.com:80/color-convert/-/color-convert-2.0.1.tgz}
    engines: {node: '>=7.0.0'}
    dependencies:
      color-name: 1.1.4
    dev: true

  /color-name/1.1.4:
    resolution: {integrity: sha1-wqCah6y95pVD3m9j+jmVyCbFNqI=, tarball: http://npm.weimob.com:80/color-name/-/color-name-1.1.4.tgz}
    dev: true

  /colors/1.2.5:
    resolution: {integrity: sha1-icetmjdLwDDfgBMkH2gTbtiDWvw=, tarball: http://npm.weimob.com:80/colors/-/colors-1.2.5.tgz}
    engines: {node: '>=0.1.90'}
    dev: true

  /commander/2.20.3:
    resolution: {integrity: sha1-/UhehMA+tIgcIHIrpIA16FMa6zM=, tarball: http://npm.weimob.com:80/commander/-/commander-2.20.3.tgz}
    requiresBuild: true
    dev: true
    optional: true

  /csstype/2.6.20:
    resolution: {integrity: sha512-/WwNkdXfckNgw6S5R125rrW8ez139lBHWouiBvX8dfMFtcn6V81REDqnH7+CRpRipfYlyU1CmOnOxrmGcFOjeA==}
    dev: true

  /debug/4.3.4:
    resolution: {integrity: sha512-PRWFHuSU3eDtQJPvnNY7Jcket1j0t5OuOsFzPPzsekD52Zl8qUfFIPEiswXqIvHWGVHOgX+7G/vCNNhehwxfkQ==, tarball: http://npm.weimob.com:80/debug/-/debug-4.3.4.tgz}
    engines: {node: '>=6.0'}
    peerDependencies:
      supports-color: '*'
    peerDependenciesMeta:
      supports-color:
        optional: true
    dependencies:
      ms: 2.1.2
    dev: true

  /esbuild-android-64/0.14.49:
    resolution: {integrity: sha512-vYsdOTD+yi+kquhBiFWl3tyxnj2qZJsl4tAqwhT90ktUdnyTizgle7TjNx6Ar1bN7wcwWqZ9QInfdk2WVagSww==, tarball: http://npm.weimob.com:80/esbuild-android-64/-/esbuild-android-64-0.14.49.tgz}
    engines: {node: '>=12'}
    cpu: [x64]
    os: [android]
    requiresBuild: true
    dev: true
    optional: true

  /esbuild-android-arm64/0.14.49:
    resolution: {integrity: sha512-g2HGr/hjOXCgSsvQZ1nK4nW/ei8JUx04Li74qub9qWrStlysaVmadRyTVuW32FGIpLQyc5sUjjZopj49eGGM2g==, tarball: http://npm.weimob.com:80/esbuild-android-arm64/-/esbuild-android-arm64-0.14.49.tgz}
    engines: {node: '>=12'}
    cpu: [arm64]
    os: [android]
    requiresBuild: true
    dev: true
    optional: true

  /esbuild-darwin-64/0.14.49:
    resolution: {integrity: sha512-3rvqnBCtX9ywso5fCHixt2GBCUsogNp9DjGmvbBohh31Ces34BVzFltMSxJpacNki96+WIcX5s/vum+ckXiLYg==, tarball: http://npm.weimob.com:80/esbuild-darwin-64/-/esbuild-darwin-64-0.14.49.tgz}
    engines: {node: '>=12'}
    cpu: [x64]
    os: [darwin]
    requiresBuild: true
    dev: true
    optional: true

  /esbuild-darwin-arm64/0.14.49:
    resolution: {integrity: sha512-XMaqDxO846srnGlUSJnwbijV29MTKUATmOLyQSfswbK/2X5Uv28M9tTLUJcKKxzoo9lnkYPsx2o8EJcTYwCs/A==, tarball: http://npm.weimob.com:80/esbuild-darwin-arm64/-/esbuild-darwin-arm64-0.14.49.tgz}
    engines: {node: '>=12'}
    cpu: [arm64]
    os: [darwin]
    requiresBuild: true
    dev: true
    optional: true

  /esbuild-freebsd-64/0.14.49:
    resolution: {integrity: sha512-NJ5Q6AjV879mOHFri+5lZLTp5XsO2hQ+KSJYLbfY9DgCu8s6/Zl2prWXVANYTeCDLlrIlNNYw8y34xqyLDKOmQ==, tarball: http://npm.weimob.com:80/esbuild-freebsd-64/-/esbuild-freebsd-64-0.14.49.tgz}
    engines: {node: '>=12'}
    cpu: [x64]
    os: [freebsd]
    requiresBuild: true
    dev: true
    optional: true

  /esbuild-freebsd-arm64/0.14.49:
    resolution: {integrity: sha512-lFLtgXnAc3eXYqj5koPlBZvEbBSOSUbWO3gyY/0+4lBdRqELyz4bAuamHvmvHW5swJYL7kngzIZw6kdu25KGOA==, tarball: http://npm.weimob.com:80/esbuild-freebsd-arm64/-/esbuild-freebsd-arm64-0.14.49.tgz}
    engines: {node: '>=12'}
    cpu: [arm64]
    os: [freebsd]
    requiresBuild: true
    dev: true
    optional: true

  /esbuild-linux-32/0.14.49:
    resolution: {integrity: sha512-zTTH4gr2Kb8u4QcOpTDVn7Z8q7QEIvFl/+vHrI3cF6XOJS7iEI1FWslTo3uofB2+mn6sIJEQD9PrNZKoAAMDiA==, tarball: http://npm.weimob.com:80/esbuild-linux-32/-/esbuild-linux-32-0.14.49.tgz}
    engines: {node: '>=12'}
    cpu: [ia32]
    os: [linux]
    requiresBuild: true
    dev: true
    optional: true

  /esbuild-linux-64/0.14.49:
    resolution: {integrity: sha512-hYmzRIDzFfLrB5c1SknkxzM8LdEUOusp6M2TnuQZJLRtxTgyPnZZVtyMeCLki0wKgYPXkFsAVhi8vzo2mBNeTg==, tarball: http://npm.weimob.com:80/esbuild-linux-64/-/esbuild-linux-64-0.14.49.tgz}
    engines: {node: '>=12'}
    cpu: [x64]
    os: [linux]
    requiresBuild: true
    dev: true
    optional: true

  /esbuild-linux-arm/0.14.49:
    resolution: {integrity: sha512-iE3e+ZVv1Qz1Sy0gifIsarJMQ89Rpm9mtLSRtG3AH0FPgAzQ5Z5oU6vYzhc/3gSPi2UxdCOfRhw2onXuFw/0lg==, tarball: http://npm.weimob.com:80/esbuild-linux-arm/-/esbuild-linux-arm-0.14.49.tgz}
    engines: {node: '>=12'}
    cpu: [arm]
    os: [linux]
    requiresBuild: true
    dev: true
    optional: true

  /esbuild-linux-arm64/0.14.49:
    resolution: {integrity: sha512-KLQ+WpeuY+7bxukxLz5VgkAAVQxUv67Ft4DmHIPIW+2w3ObBPQhqNoeQUHxopoW/aiOn3m99NSmSV+bs4BSsdA==, tarball: http://npm.weimob.com:80/esbuild-linux-arm64/-/esbuild-linux-arm64-0.14.49.tgz}
    engines: {node: '>=12'}
    cpu: [arm64]
    os: [linux]
    requiresBuild: true
    dev: true
    optional: true

  /esbuild-linux-mips64le/0.14.49:
    resolution: {integrity: sha512-n+rGODfm8RSum5pFIqFQVQpYBw+AztL8s6o9kfx7tjfK0yIGF6tm5HlG6aRjodiiKkH2xAiIM+U4xtQVZYU4rA==, tarball: http://npm.weimob.com:80/esbuild-linux-mips64le/-/esbuild-linux-mips64le-0.14.49.tgz}
    engines: {node: '>=12'}
    cpu: [mips64el]
    os: [linux]
    requiresBuild: true
    dev: true
    optional: true

  /esbuild-linux-ppc64le/0.14.49:
    resolution: {integrity: sha512-WP9zR4HX6iCBmMFH+XHHng2LmdoIeUmBpL4aL2TR8ruzXyT4dWrJ5BSbT8iNo6THN8lod6GOmYDLq/dgZLalGw==, tarball: http://npm.weimob.com:80/esbuild-linux-ppc64le/-/esbuild-linux-ppc64le-0.14.49.tgz}
    engines: {node: '>=12'}
    cpu: [ppc64]
    os: [linux]
    requiresBuild: true
    dev: true
    optional: true

  /esbuild-linux-riscv64/0.14.49:
    resolution: {integrity: sha512-h66ORBz+Dg+1KgLvzTVQEA1LX4XBd1SK0Fgbhhw4akpG/YkN8pS6OzYI/7SGENiN6ao5hETRDSkVcvU9NRtkMQ==, tarball: http://npm.weimob.com:80/esbuild-linux-riscv64/-/esbuild-linux-riscv64-0.14.49.tgz}
    engines: {node: '>=12'}
    cpu: [riscv64]
    os: [linux]
    requiresBuild: true
    dev: true
    optional: true

  /esbuild-linux-s390x/0.14.49:
    resolution: {integrity: sha512-DhrUoFVWD+XmKO1y7e4kNCqQHPs6twz6VV6Uezl/XHYGzM60rBewBF5jlZjG0nCk5W/Xy6y1xWeopkrhFFM0sQ==, tarball: http://npm.weimob.com:80/esbuild-linux-s390x/-/esbuild-linux-s390x-0.14.49.tgz}
    engines: {node: '>=12'}
    cpu: [s390x]
    os: [linux]
    requiresBuild: true
    dev: true
    optional: true

  /esbuild-netbsd-64/0.14.49:
    resolution: {integrity: sha512-BXaUwFOfCy2T+hABtiPUIpWjAeWK9P8O41gR4Pg73hpzoygVGnj0nI3YK4SJhe52ELgtdgWP/ckIkbn2XaTxjQ==, tarball: http://npm.weimob.com:80/esbuild-netbsd-64/-/esbuild-netbsd-64-0.14.49.tgz}
    engines: {node: '>=12'}
    cpu: [x64]
    os: [netbsd]
    requiresBuild: true
    dev: true
    optional: true

  /esbuild-openbsd-64/0.14.49:
    resolution: {integrity: sha512-lP06UQeLDGmVPw9Rg437Btu6J9/BmyhdoefnQ4gDEJTtJvKtQaUcOQrhjTq455ouZN4EHFH1h28WOJVANK41kA==, tarball: http://npm.weimob.com:80/esbuild-openbsd-64/-/esbuild-openbsd-64-0.14.49.tgz}
    engines: {node: '>=12'}
    cpu: [x64]
    os: [openbsd]
    requiresBuild: true
    dev: true
    optional: true

  /esbuild-sunos-64/0.14.49:
    resolution: {integrity: sha512-4c8Zowp+V3zIWje329BeLbGh6XI9c/rqARNaj5yPHdC61pHI9UNdDxT3rePPJeWcEZVKjkiAS6AP6kiITp7FSw==, tarball: http://npm.weimob.com:80/esbuild-sunos-64/-/esbuild-sunos-64-0.14.49.tgz}
    engines: {node: '>=12'}
    cpu: [x64]
    os: [sunos]
    requiresBuild: true
    dev: true
    optional: true

  /esbuild-windows-32/0.14.49:
    resolution: {integrity: sha512-q7Rb+J9yHTeKr9QTPDYkqfkEj8/kcKz9lOabDuvEXpXuIcosWCJgo5Z7h/L4r7rbtTH4a8U2FGKb6s1eeOHmJA==, tarball: http://npm.weimob.com:80/esbuild-windows-32/-/esbuild-windows-32-0.14.49.tgz}
    engines: {node: '>=12'}
    cpu: [ia32]
    os: [win32]
    requiresBuild: true
    dev: true
    optional: true

  /esbuild-windows-64/0.14.49:
    resolution: {integrity: sha512-+Cme7Ongv0UIUTniPqfTX6mJ8Deo7VXw9xN0yJEN1lQMHDppTNmKwAM3oGbD/Vqff+07K2gN0WfNkMohmG+dVw==, tarball: http://npm.weimob.com:80/esbuild-windows-64/-/esbuild-windows-64-0.14.49.tgz}
    engines: {node: '>=12'}
    cpu: [x64]
    os: [win32]
    requiresBuild: true
    dev: true
    optional: true

  /esbuild-windows-arm64/0.14.49:
    resolution: {integrity: sha512-v+HYNAXzuANrCbbLFJ5nmO3m5y2PGZWLe3uloAkLt87aXiO2mZr3BTmacZdjwNkNEHuH3bNtN8cak+mzVjVPfA==, tarball: http://npm.weimob.com:80/esbuild-windows-arm64/-/esbuild-windows-arm64-0.14.49.tgz}
    engines: {node: '>=12'}
    cpu: [arm64]
    os: [win32]
    requiresBuild: true
    dev: true
    optional: true

  /esbuild/0.14.49:
    resolution: {integrity: sha512-/TlVHhOaq7Yz8N1OJrjqM3Auzo5wjvHFLk+T8pIue+fhnhIMpfAzsG6PLVMbFveVxqD2WOp3QHei+52IMUNmCw==}
    engines: {node: '>=12'}
    hasBin: true
    requiresBuild: true
    optionalDependencies:
      esbuild-android-64: 0.14.49
      esbuild-android-arm64: 0.14.49
      esbuild-darwin-64: 0.14.49
      esbuild-darwin-arm64: 0.14.49
      esbuild-freebsd-64: 0.14.49
      esbuild-freebsd-arm64: 0.14.49
      esbuild-linux-32: 0.14.49
      esbuild-linux-64: 0.14.49
      esbuild-linux-arm: 0.14.49
      esbuild-linux-arm64: 0.14.49
      esbuild-linux-mips64le: 0.14.49
      esbuild-linux-ppc64le: 0.14.49
      esbuild-linux-riscv64: 0.14.49
      esbuild-linux-s390x: 0.14.49
      esbuild-netbsd-64: 0.14.49
      esbuild-openbsd-64: 0.14.49
      esbuild-sunos-64: 0.14.49
      esbuild-windows-32: 0.14.49
      esbuild-windows-64: 0.14.49
      esbuild-windows-arm64: 0.14.49
    dev: true

  /estree-walker/2.0.2:
    resolution: {integrity: sha1-UvAQF4wqTBF6d1fP6UKtt9LaTKw=}
    dev: true

  /fast-deep-equal/3.1.3:
    resolution: {integrity: sha1-On1WtVnWy8PrUSMlJE5hmmXGxSU=, tarball: http://npm.weimob.com:80/fast-deep-equal/-/fast-deep-equal-3.1.3.tgz}
    dev: true

  /fast-glob/3.2.11:
    resolution: {integrity: sha512-xrO3+1bxSo3ZVHAnqzyuewYT6aMFHRAd4Kcs92MAonjwQZLsK9d0SF1IyQ3k5PoirxTW0Oe/RqFgMQ6TcNE5Ew==, tarball: http://npm.weimob.com:80/fast-glob/-/fast-glob-3.2.11.tgz}
    engines: {node: '>=8.6.0'}
    dependencies:
      '@nodelib/fs.stat': 2.0.5
      '@nodelib/fs.walk': 1.2.8
      glob-parent: 5.1.2
      merge2: 1.4.1
      micromatch: 4.0.5
    dev: true

  /fast-json-stable-stringify/2.1.0:
    resolution: {integrity: sha1-h0v2nG9ATCtdmcSBNBOZ/VWJJjM=, tarball: http://npm.weimob.com:80/fast-json-stable-stringify/-/fast-json-stable-stringify-2.1.0.tgz}
    dev: true

  /fastq/1.13.0:
    resolution: {integrity: sha1-YWdg+Ip1Jr38WWt8q4wYk4w2uYw=, tarball: http://npm.weimob.com:80/fastq/-/fastq-1.13.0.tgz}
    dependencies:
      reusify: 1.0.4
    dev: true

  /fill-range/7.0.1:
    resolution: {integrity: sha1-GRmmp8df44ssfHflGYU12prN2kA=, tarball: http://npm.weimob.com:80/fill-range/-/fill-range-7.0.1.tgz}
    engines: {node: '>=8'}
    dependencies:
      to-regex-range: 5.0.1
    dev: true

  /fs-extra/10.1.0:
    resolution: {integrity: sha512-oRXApq54ETRj4eMiFzGnHWGy+zo5raudjuxN0b8H7s/RU2oW0Wvsx9O0ACRN/kRq9E8Vu/ReskGB5o3ji+FzHQ==, tarball: http://npm.weimob.com:80/fs-extra/-/fs-extra-10.1.0.tgz}
    engines: {node: '>=12'}
    dependencies:
      graceful-fs: 4.2.10
      jsonfile: 6.1.0
      universalify: 2.0.0
    dev: true

  /fs-extra/7.0.1:
    resolution: {integrity: sha1-TxicRKoSO4lfcigE9V6iPq3DSOk=, tarball: http://npm.weimob.com:80/fs-extra/-/fs-extra-7.0.1.tgz}
    engines: {node: '>=6 <7 || >=8'}
    dependencies:
      graceful-fs: 4.2.10
      jsonfile: 4.0.0
      universalify: 0.1.2
    dev: true

  /fsevents/2.3.2:
    resolution: {integrity: sha1-ilJveLj99GI7cJ4Ll1xSwkwC/Ro=, tarball: http://npm.weimob.com:80/fsevents/-/fsevents-2.3.2.tgz}
    engines: {node: ^8.16.0 || ^10.6.0 || >=11.0.0}
    os: [darwin]
    requiresBuild: true
    dev: true
    optional: true

  /function-bind/1.1.1:
    resolution: {integrity: sha1-pWiZ0+o8m6uHS7l3O3xe3pL0iV0=}
    dev: true

  /glob-parent/5.1.2:
    resolution: {integrity: sha1-hpgyxYA0/mikCTwX3BXoNA2EAcQ=, tarball: http://npm.weimob.com:80/glob-parent/-/glob-parent-5.1.2.tgz}
    engines: {node: '>= 6'}
    dependencies:
      is-glob: 4.0.3
    dev: true

  /graceful-fs/4.2.10:
    resolution: {integrity: sha512-9ByhssR2fPVsNZj478qUUbKfmL0+t5BDVyjShtyZZLiK7ZDAArFFfopyOTj0M05wE2tJPisA4iTnnXl2YoPvOA==, tarball: http://npm.weimob.com:80/graceful-fs/-/graceful-fs-4.2.10.tgz}
    dev: true

  /has-flag/4.0.0:
    resolution: {integrity: sha1-lEdx/ZyByBJlxNaUGGDaBrtZR5s=, tarball: http://npm.weimob.com:80/has-flag/-/has-flag-4.0.0.tgz}
    engines: {node: '>=8'}
    dev: true

  /has/1.0.3:
    resolution: {integrity: sha1-ci18v8H2qoJB8W3YFOAR4fQeh5Y=}
    engines: {node: '>= 0.4.0'}
    dependencies:
      function-bind: 1.1.1
    dev: true

  /import-lazy/4.0.0:
    resolution: {integrity: sha1-6OtidIOgpD2jwD8+NVSL5csMwVM=, tarball: http://npm.weimob.com:80/import-lazy/-/import-lazy-4.0.0.tgz}
    engines: {node: '>=8'}
    dev: true

  /is-core-module/2.9.0:
    resolution: {integrity: sha512-+5FPy5PnwmO3lvfMb0AsoPaBG+5KHUI0wYFXOtYPnVVVspTFUuMZNfNaNVRt3FZadstu2c8x23vykRW/NBoU6A==}
    dependencies:
      has: 1.0.3
    dev: true

  /is-extglob/2.1.1:
    resolution: {integrity: sha1-qIwCU1eR8C7TfHahueqXc8gz+MI=, tarball: http://npm.weimob.com:80/is-extglob/-/is-extglob-2.1.1.tgz}
    engines: {node: '>=0.10.0'}
    dev: true

  /is-glob/4.0.3:
    resolution: {integrity: sha1-ZPYeQsu7LuwgcanawLKLoeZdUIQ=, tarball: http://npm.weimob.com:80/is-glob/-/is-glob-4.0.3.tgz}
    engines: {node: '>=0.10.0'}
    dependencies:
      is-extglob: 2.1.1
    dev: true

  /is-number/7.0.0:
    resolution: {integrity: sha1-dTU0W4lnNNX4DE0GxQlVUnoU8Ss=, tarball: http://npm.weimob.com:80/is-number/-/is-number-7.0.0.tgz}
    engines: {node: '>=0.12.0'}
    dev: true

  /jju/1.4.0:
    resolution: {integrity: sha1-o6vicYryQaKykE+EpiWXDzia4yo=, tarball: http://npm.weimob.com:80/jju/-/jju-1.4.0.tgz}
    dev: true

  /json-schema-traverse/0.4.1:
    resolution: {integrity: sha1-afaofZUTq4u4/mO9sJecRI5oRmA=, tarball: http://npm.weimob.com:80/json-schema-traverse/-/json-schema-traverse-0.4.1.tgz}
    dev: true

  /jsonfile/4.0.0:
    resolution: {integrity: sha1-h3Gq4HmbZAdrdmQPygWPnBDjPss=, tarball: http://npm.weimob.com:80/jsonfile/-/jsonfile-4.0.0.tgz}
    optionalDependencies:
      graceful-fs: 4.2.10
    dev: true

  /jsonfile/6.1.0:
    resolution: {integrity: sha1-vFWyY0eTxnnsZAMJTrE2mKbsCq4=, tarball: http://npm.weimob.com:80/jsonfile/-/jsonfile-6.1.0.tgz}
    dependencies:
      universalify: 2.0.0
    optionalDependencies:
      graceful-fs: 4.2.10
    dev: true

  /lodash.get/4.4.2:
    resolution: {integrity: sha1-LRd/ZS+jHpObRDjVNBSZ36OCXpk=, tarball: http://npm.weimob.com:80/lodash.get/-/lodash.get-4.4.2.tgz}
    dev: true

  /lodash.isequal/4.5.0:
    resolution: {integrity: sha1-QVxEePK8wwEgwizhDtMib30+GOA=, tarball: http://npm.weimob.com:80/lodash.isequal/-/lodash.isequal-4.5.0.tgz}
    dev: true

  /lodash/4.17.21:
    resolution: {integrity: sha1-Z5WRxWTDv/quhFTPCz3zcMPWkRw=, tarball: http://npm.weimob.com:80/lodash/-/lodash-4.17.21.tgz}
    dev: true

  /lru-cache/6.0.0:
    resolution: {integrity: sha1-bW/mVw69lqr5D8rR2vo7JWbbOpQ=, tarball: http://npm.weimob.com:80/lru-cache/-/lru-cache-6.0.0.tgz}
    engines: {node: '>=10'}
    dependencies:
      yallist: 4.0.0
    dev: true

  /magic-string/0.25.9:
    resolution: {integrity: sha512-RmF0AsMzgt25qzqqLc1+MbHmhdx0ojF2Fvs4XnOqz2ZOBXzzkEwc/dJQZCYHAn7v1jbVOjAZfK8msRn4BxO4VQ==}
    dependencies:
      sourcemap-codec: 1.4.8
    dev: true

  /merge2/1.4.1:
    resolution: {integrity: sha1-Q2iJL4hekHRVpv19xVwMnUBJkK4=, tarball: http://npm.weimob.com:80/merge2/-/merge2-1.4.1.tgz}
    engines: {node: '>= 8'}
    dev: true

  /micromatch/4.0.5:
    resolution: {integrity: sha512-DMy+ERcEW2q8Z2Po+WNXuw3c5YaUSFjAO5GsJqfEl7UjvtIuFKO6ZrKvcItdy98dwFI2N1tg3zNIdKaQT+aNdA==, tarball: http://npm.weimob.com:80/micromatch/-/micromatch-4.0.5.tgz}
    engines: {node: '>=8.6'}
    dependencies:
      braces: 3.0.2
      picomatch: 2.3.1
    dev: true

  /minimatch/5.1.0:
    resolution: {integrity: sha512-9TPBGGak4nHfGZsPBohm9AWg6NoT7QTCehS3BIJABslyZbzxfV78QM2Y6+i741OPZIafFAaiiEMh5OyIrJPgtg==, tarball: http://npm.weimob.com:80/minimatch/-/minimatch-5.1.0.tgz}
    engines: {node: '>=10'}
    dependencies:
      brace-expansion: 2.0.1
    dev: true

  /mkdirp/1.0.4:
    resolution: {integrity: sha1-PrXtYmInVteaXw4qIh3+utdcL34=, tarball: http://npm.weimob.com:80/mkdirp/-/mkdirp-1.0.4.tgz}
    engines: {node: '>=10'}
    hasBin: true
    dev: true

  /ms/2.1.2:
    resolution: {integrity: sha1-0J0fNXtEP0kzgqjrPM0YOHKuYAk=, tarball: http://npm.weimob.com:80/ms/-/ms-2.1.2.tgz}
    dev: true

  /nanoid/3.3.4:
    resolution: {integrity: sha512-MqBkQh/OHTS2egovRtLk45wEyNXwF+cokD+1YPf9u5VfJiRdAiRwB2froX5Co9Rh20xs4siNPm8naNotSD6RBw==}
    engines: {node: ^10 || ^12 || ^13.7 || ^14 || >=15.0.1}
    hasBin: true
    dev: true

  /path-browserify/1.0.1:
    resolution: {integrity: sha1-2YRUqcN1PVeQhg8W9ohnueRr4f0=, tarball: http://npm.weimob.com:80/path-browserify/-/path-browserify-1.0.1.tgz}
    dev: true

  /path-parse/1.0.7:
    resolution: {integrity: sha1-+8EUtgykKzDZ2vWFjkvWi77bZzU=}
    dev: true

  /picocolors/1.0.0:
    resolution: {integrity: sha1-y1vcdP8/UYkiNur3nWi8RFZKuBw=}
    dev: true

  /picomatch/2.3.1:
    resolution: {integrity: sha512-JU3teHTNjmE2VCGFzuY8EXzCDVwEqB2a8fsIvwaStHhAWJEeVd1o1QD80CU6+ZdEXXSLbSsuLwJjkCBWqRQUVA==, tarball: http://npm.weimob.com:80/picomatch/-/picomatch-2.3.1.tgz}
    engines: {node: '>=8.6'}
    dev: true

  /postcss/8.4.14:
    resolution: {integrity: sha512-E398TUmfAYFPBSdzgeieK2Y1+1cpdxJx8yXbK/m57nRhKSmk1GB2tO4lbLBtlkfPQTDKfe4Xqv1ASWPpayPEig==}
    engines: {node: ^10 || ^12 || >=14}
    dependencies:
      nanoid: 3.3.4
      picocolors: 1.0.0
      source-map-js: 1.0.2
    dev: true

  /punycode/2.1.1:
    resolution: {integrity: sha1-tYsBCsQMIsVldhbI0sLALHv0eew=, tarball: http://npm.weimob.com:80/punycode/-/punycode-2.1.1.tgz}
    engines: {node: '>=6'}
    dev: true

  /queue-microtask/1.2.3:
    resolution: {integrity: sha1-SSkii7xyTfrEPg77BYyve2z7YkM=, tarball: http://npm.weimob.com:80/queue-microtask/-/queue-microtask-1.2.3.tgz}
    dev: true

  /resolve/1.17.0:
    resolution: {integrity: sha1-sllBtUloIxzC0bt2p5y38sC/hEQ=, tarball: http://npm.weimob.com:80/resolve/-/resolve-1.17.0.tgz}
    dependencies:
      path-parse: 1.0.7
    dev: true

  /resolve/1.19.0:
    resolution: {integrity: sha1-GvW/YwQJc0oGfK4pMYqsf6KaJnw=, tarball: http://npm.weimob.com:80/resolve/-/resolve-1.19.0.tgz}
    dependencies:
      is-core-module: 2.9.0
      path-parse: 1.0.7
    dev: true

  /resolve/1.22.1:
    resolution: {integrity: sha512-nBpuuYuY5jFsli/JIs1oldw6fOQCBioohqWZg/2hiaOybXOft4lonv85uDOKXdf8rhyK159cxU5cDcK/NKk8zw==}
    hasBin: true
    dependencies:
      is-core-module: 2.9.0
      path-parse: 1.0.7
      supports-preserve-symlinks-flag: 1.0.0
    dev: true

  /reusify/1.0.4:
    resolution: {integrity: sha1-kNo4Kx4SbvwCFG6QhFqI2xKSXXY=, tarball: http://npm.weimob.com:80/reusify/-/reusify-1.0.4.tgz}
    engines: {iojs: '>=1.0.0', node: '>=0.10.0'}
    dev: true

  /rollup/2.77.0:
    resolution: {integrity: sha512-vL8xjY4yOQEw79DvyXLijhnhh+R/O9zpF/LEgkCebZFtb6ELeN9H3/2T0r8+mp+fFTBHZ5qGpOpW2ela2zRt3g==}
    engines: {node: '>=10.0.0'}
    hasBin: true
    optionalDependencies:
      fsevents: 2.3.2
    dev: true

  /run-parallel/1.2.0:
    resolution: {integrity: sha1-ZtE2jae9+SHrnZW9GpIp5/IaQ+4=, tarball: http://npm.weimob.com:80/run-parallel/-/run-parallel-1.2.0.tgz}
    dependencies:
      queue-microtask: 1.2.3
    dev: true

  /semver/7.3.7:
    resolution: {integrity: sha512-QlYTucUYOews+WeEujDoEGziz4K6c47V/Bd+LjSSYcA94p+DmINdf7ncaUinThfvZyu13lN9OY1XDxt8C0Tw0g==, tarball: http://npm.weimob.com:80/semver/-/semver-7.3.7.tgz}
    engines: {node: '>=10'}
    hasBin: true
    dependencies:
      lru-cache: 6.0.0
    dev: true

  /source-map-js/1.0.2:
    resolution: {integrity: sha512-R0XvVJ9WusLiqTCEiGCmICCMplcCkIwwR11mOSD9CR5u+IXYdiseeEuXCVAjS54zqwkLcPNnmU4OeJ6tUrWhDw==}
    engines: {node: '>=0.10.0'}
    dev: true

  /source-map/0.6.1:
    resolution: {integrity: sha1-dHIq8y6WFOnCh6jQu95IteLxomM=}
    engines: {node: '>=0.10.0'}
    dev: true

  /sourcemap-codec/1.4.8:
    resolution: {integrity: sha1-6oBL2UhXQC5pktBaOO8a41qatMQ=}
    dev: true

  /sprintf-js/1.0.3:
    resolution: {integrity: sha1-BOaSb2YolTVPPdAVIDYzuFcpfiw=, tarball: http://npm.weimob.com:80/sprintf-js/-/sprintf-js-1.0.3.tgz}
    dev: true

  /string-argv/0.3.1:
    resolution: {integrity: sha1-leL77AQnrhkYSTX4FtdKqkxcGdo=, tarball: http://npm.weimob.com:80/string-argv/-/string-argv-0.3.1.tgz}
    engines: {node: '>=0.6.19'}
    dev: true

  /strip-json-comments/3.1.1:
    resolution: {integrity: sha1-MfEoGzgyYwQ0gxwxDAHMzajL4AY=, tarball: http://npm.weimob.com:80/strip-json-comments/-/strip-json-comments-3.1.1.tgz}
    engines: {node: '>=8'}
    dev: true

  /supports-color/7.2.0:
    resolution: {integrity: sha1-G33NyzK4E4gBs+R4umpRyqiWSNo=, tarball: http://npm.weimob.com:80/supports-color/-/supports-color-7.2.0.tgz}
    engines: {node: '>=8'}
    dependencies:
      has-flag: 4.0.0
    dev: true

  /supports-preserve-symlinks-flag/1.0.0:
    resolution: {integrity: sha512-ot0WnXS9fgdkgIcePe6RHNk1WA8+muPa6cSjeR3V8K27q9BB1rTE3R1p7Hv0z1ZyAc8s6Vvv8DIyWf681MAt0w==}
    engines: {node: '>= 0.4'}
    dev: true

  /timsort/0.3.0:
    resolution: {integrity: sha1-QFQRqOfmM5/mTbmiNN4R3DHgK9Q=, tarball: http://npm.weimob.com:80/timsort/-/timsort-0.3.0.tgz}
    dev: true

  /to-regex-range/5.0.1:
    resolution: {integrity: sha1-FkjESq58jZiKMmAY7XL1tN0DkuQ=, tarball: http://npm.weimob.com:80/to-regex-range/-/to-regex-range-5.0.1.tgz}
    engines: {node: '>=8.0'}
    dependencies:
      is-number: 7.0.0
    dev: true

  /ts-morph/14.0.0:
    resolution: {integrity: sha512-tO8YQ1dP41fw8GVmeQAdNsD8roZi1JMqB7YwZrqU856DvmG5/710e41q2XauzTYrygH9XmMryaFeLo+kdCziyA==, tarball: http://npm.weimob.com:80/ts-morph/-/ts-morph-14.0.0.tgz}
    dependencies:
      '@ts-morph/common': 0.13.0
      code-block-writer: 11.0.2
    dev: true

  /typescript/4.6.4:
    resolution: {integrity: sha512-9ia/jWHIEbo49HfjrLGfKbZSuWo9iTMwXO+Ca3pRsSpbsMbc7/IU8NKdCZVRRBafVPGnoJeFL76ZOAA84I9fEg==, tarball: http://npm.weimob.com:80/typescript/-/typescript-4.6.4.tgz}
    engines: {node: '>=4.2.0'}
    hasBin: true
    dev: true

  /typescript/4.7.4:
    resolution: {integrity: sha512-C0WQT0gezHuw6AdY1M2jxUO83Rjf0HP7Sk1DtXj6j1EwkQNZrHAg2XPWlq62oqEhYvONq5pkC2Y9oPljWToLmQ==}
    engines: {node: '>=4.2.0'}
    hasBin: true
    dev: true

  /universalify/0.1.2:
    resolution: {integrity: sha1-tkb2m+OULavOzJ1mOcgNwQXvqmY=, tarball: http://npm.weimob.com:80/universalify/-/universalify-0.1.2.tgz}
    engines: {node: '>= 4.0.0'}
    dev: true

  /universalify/2.0.0:
    resolution: {integrity: sha1-daSYTv7cSwiXXFrrc/Uw0C3yVxc=, tarball: http://npm.weimob.com:80/universalify/-/universalify-2.0.0.tgz}
    engines: {node: '>= 10.0.0'}
    dev: true

  /uri-js/4.4.1:
    resolution: {integrity: sha1-mxpSWVIlhZ5V9mnZKPiMbFfyp34=, tarball: http://npm.weimob.com:80/uri-js/-/uri-js-4.4.1.tgz}
    dependencies:
      punycode: 2.1.1
    dev: true

  /validator/13.7.0:
    resolution: {integrity: sha1-T5ZYuhO6jz2C7ogdNRZInqhcCFc=, tarball: http://npm.weimob.com:80/validator/-/validator-13.7.0.tgz}
    engines: {node: '>= 0.10'}
    dev: true

  /vite-plugin-dts/1.4.0_vite@3.0.2:
    resolution: {integrity: sha512-RyDCjQzVxUeDqF+Rl1hQT+t/rKmvfvo04gaGV/l3597FpeIWGKtNF1S4x509Kx1AfHOjLa1JdmjVgnSEIv+lpw==, tarball: http://npm.weimob.com:80/vite-plugin-dts/-/vite-plugin-dts-1.4.0.tgz}
    engines: {node: '>=12.0.0'}
    peerDependencies:
      vite: '>=2.4.4'
    dependencies:
      '@microsoft/api-extractor': 7.28.5
      '@rushstack/node-core-library': 3.49.0
      chalk: 4.1.2
      debug: 4.3.4
      fast-glob: 3.2.11
      fs-extra: 10.1.0
      ts-morph: 14.0.0
      vite: 3.0.2
    transitivePeerDependencies:
      - supports-color
    dev: true

  /vite/3.0.2:
    resolution: {integrity: sha512-TAqydxW/w0U5AoL5AsD9DApTvGb2iNbGs3sN4u2VdT1GFkQVUfgUldt+t08TZgi23uIauh1TUOQJALduo9GXqw==}
    engines: {node: ^14.18.0 || >=16.0.0}
    hasBin: true
    peerDependencies:
      less: '*'
      sass: '*'
      stylus: '*'
      terser: ^5.4.0
    peerDependenciesMeta:
      less:
        optional: true
      sass:
        optional: true
      stylus:
        optional: true
      terser:
        optional: true
    dependencies:
      esbuild: 0.14.49
      postcss: 8.4.14
      resolve: 1.22.1
      rollup: 2.77.0
    optionalDependencies:
      fsevents: 2.3.2
    dev: true

  /vue/3.2.36:
    resolution: {integrity: sha512-5yTXmrE6gW8IQgttzHW5bfBiFA6mx35ZXHjGLDmKYzW6MMmYvCwuKybANRepwkMYeXw2v1buGg3/lPICY5YlZw==}
    dependencies:
      '@vue/compiler-dom': 3.2.36
      '@vue/compiler-sfc': 3.2.36
      '@vue/runtime-dom': 3.2.36
      '@vue/server-renderer': 3.2.36_vue@3.2.36
      '@vue/shared': 3.2.36
    dev: true

  /yallist/4.0.0:
    resolution: {integrity: sha1-m7knkNnA7/7GO+c1GeEaNQGaOnI=, tarball: http://npm.weimob.com:80/yallist/-/yallist-4.0.0.tgz}
    dev: true

  /z-schema/5.0.3:
    resolution: {integrity: sha512-sGvEcBOTNum68x9jCpCVGPFJ6mWnkD0YxOcddDlJHRx3tKdB2q8pCHExMVZo/AV/6geuVJXG7hljDaWG8+5GDw==, tarball: http://npm.weimob.com:80/z-schema/-/z-schema-5.0.3.tgz}
    engines: {node: '>=8.0.0'}
    hasBin: true
    dependencies:
      lodash.get: 4.4.2
      lodash.isequal: 4.5.0
      validator: 13.7.0
    optionalDependencies:
      commander: 2.20.3
    dev: true
